
Microsoft Visual Studio Solution File, Format Version 12.00
# Visual Studio Version 17
VisualStudioVersion = 17.1.32421.90
MinimumVisualStudioVersion = 10.0.40219.1
Project("{9A19103F-16F7-4668-BE54-9A1E7A4F7556}") = "WeatherForecast", "WeatherForecast\WeatherForecast.csproj", "{B8FB87ED-E067-426B-8F6B-1596F2ACF70E}"
EndProject
Project("{9A19103F-16F7-4668-BE54-9A1E7A4F7556}") = "WeatherForecastTests", "WeatherForecastTests\WeatherForecastTests.csproj", "{D3FBB5DD-8FAB-42AC-A81F-9D5DFAE96EF7}"
EndProject
Global
	GlobalSection(SolutionConfigurationPlatforms) = preSolution
		Debug|Any CPU = Debug|Any CPU
		Release|Any CPU = Release|Any CPU
	EndGlobalSection
	GlobalSection(ProjectConfigurationPlatforms) = postSolution
		{B8FB87ED-E067-426B-8F6B-1596F2ACF70E}.Debug|Any CPU.ActiveCfg = Debug|Any CPU
		{B8FB87ED-E067-426B-8F6B-1596F2ACF70E}.Debug|Any CPU.Build.0 = Debug|Any CPU
		{B8FB87ED-E067-426B-8F6B-1596F2ACF70E}.Release|Any CPU.ActiveCfg = Release|Any CPU
		{B8FB87ED-E067-426B-8F6B-1596F2ACF70E}.Release|Any CPU.Build.0 = Release|Any CPU
		{D3FBB5DD-8FAB-42AC-A81F-9D5DFAE96EF7}.Debug|Any CPU.ActiveCfg = Debug|Any CPU
		{D3FBB5DD-8FAB-42AC-A81F-9D5DFAE96EF7}.Debug|Any CPU.Build.0 = Debug|Any CPU
		{D3FBB5DD-8FAB-42AC-A81F-9D5DFAE96EF7}.Release|Any CPU.ActiveCfg = Release|Any CPU
		{D3FBB5DD-8FAB-42AC-A81F-9D5DFAE96EF7}.Release|Any CPU.Build.0 = Release|Any CPU
	EndGlobalSection
	GlobalSection(SolutionProperties) = preSolution
		HideSolutionNode = FALSE
	EndGlobalSection
	GlobalSection(ExtensibilityGlobals) = postSolution
		SolutionGuid = {02C9F7EE-EC82-4A93-A326-9DF6FC7AB77E}
	EndGlobalSection
EndGlobal
